// !$*UTF8*$!
{
	archiveVersion = 1;
	classes = {
	};
	objectVersion = 50;
	objects = {

/* Begin PBXBuildFile section */
		0215100724D9A6D100162F02 /* AudioProgressController.swift in Sources */ = {isa = PBXBuildFile; fileRef = 0215100624D9A6D100162F02 /* AudioProgressController.swift */; };
		02445FE724C9E79900B61AA5 /* AppDelegate.swift in Sources */ = {isa = PBXBuildFile; fileRef = 02445FE624C9E79900B61AA5 /* AppDelegate.swift */; };
		02445FE924C9E79900B61AA5 /* ViewController.swift in Sources */ = {isa = PBXBuildFile; fileRef = 02445FE824C9E79900B61AA5 /* ViewController.swift */; };
		02445FEC24C9E79900B61AA5 /* Main.storyboard in Resources */ = {isa = PBXBuildFile; fileRef = 02445FEA24C9E79900B61AA5 /* Main.storyboard */; };
		02445FFC24C9E79E00B61AA5 /* mindfullTests.swift in Sources */ = {isa = PBXBuildFile; fileRef = 02445FFB24C9E79E00B61AA5 /* mindfullTests.swift */; };
		0244600724C9E79E00B61AA5 /* mindfullUITests.swift in Sources */ = {isa = PBXBuildFile; fileRef = 0244600624C9E79E00B61AA5 /* mindfullUITests.swift */; };
		0244601524CA088100B61AA5 /* JourneyStop.swift in Sources */ = {isa = PBXBuildFile; fileRef = 0244601424CA088100B61AA5 /* JourneyStop.swift */; };
		0244601724CA0C5200B61AA5 /* JourneyController.swift in Sources */ = {isa = PBXBuildFile; fileRef = 0244601624CA0C5200B61AA5 /* JourneyController.swift */; };
		026A70EB24DC770E00BDF389 /* Entry.swift in Sources */ = {isa = PBXBuildFile; fileRef = 026A70EA24DC770E00BDF389 /* Entry.swift */; };
		026A70EC24DC7CED00BDF389 /* Entry.swift in Resources */ = {isa = PBXBuildFile; fileRef = 026A70EA24DC770E00BDF389 /* Entry.swift */; };
		026BF76324DB5511003BE29F /* blue.sks in Resources */ = {isa = PBXBuildFile; fileRef = 026BF76224DB5511003BE29F /* blue.sks */; };
		026BF76524DB55E7003BE29F /* green.sks in Resources */ = {isa = PBXBuildFile; fileRef = 026BF76424DB55E7003BE29F /* green.sks */; };
		026BF76724DB5637003BE29F /* orange.sks in Resources */ = {isa = PBXBuildFile; fileRef = 026BF76624DB5637003BE29F /* orange.sks */; };
		026BF76924DB566D003BE29F /* purple.sks in Resources */ = {isa = PBXBuildFile; fileRef = 026BF76824DB566D003BE29F /* purple.sks */; };
		026BF76C24DB64CD003BE29F /* SpriteKit.framework in Frameworks */ = {isa = PBXBuildFile; fileRef = 026BF76B24DB64CD003BE29F /* SpriteKit.framework */; };
		0273812724D8D5E800DFD0BD /* AudioPlayer.swift in Sources */ = {isa = PBXBuildFile; fileRef = 0273812624D8D5E800DFD0BD /* AudioPlayer.swift */; };
		0278749424D8D17500A3DF7F /* backgroundMusic.mp3 in Resources */ = {isa = PBXBuildFile; fileRef = 0278749324D8D17500A3DF7F /* backgroundMusic.mp3 */; };
		02ADCBA524DC5D5200DCDB57 /* birds.mp3 in Resources */ = {isa = PBXBuildFile; fileRef = 02ADCBA424DC5D5200DCDB57 /* birds.mp3 */; };
		02ADCBA724DC5DE400DCDB57 /* leaves.mp3 in Resources */ = {isa = PBXBuildFile; fileRef = 02ADCBA624DC5DE400DCDB57 /* leaves.mp3 */; };
		02ADCBA924DC5E3500DCDB57 /* waves.mp3 in Resources */ = {isa = PBXBuildFile; fileRef = 02ADCBA824DC5E3500DCDB57 /* waves.mp3 */; };
		02ADCBAB24DC5EFD00DCDB57 /* water.mp3 in Resources */ = {isa = PBXBuildFile; fileRef = 02ADCBAA24DC5EFD00DCDB57 /* water.mp3 */; };
		02ADCBAD24DC5F7C00DCDB57 /* breeze.mp3 in Resources */ = {isa = PBXBuildFile; fileRef = 02ADCBAC24DC5F7C00DCDB57 /* breeze.mp3 */; };
		02B0141024D47A9D00911EFA /* CustomizeController.swift in Sources */ = {isa = PBXBuildFile; fileRef = 02B0140F24D47A9C00911EFA /* CustomizeController.swift */; };
		02EEBBD424CDD3B9002C26A8 /* GardenController.swift in Sources */ = {isa = PBXBuildFile; fileRef = 02EEBBD324CDD3B9002C26A8 /* GardenController.swift */; };
		02FF573624D9E2EB006AE94F /* JournalController.swift in Sources */ = {isa = PBXBuildFile; fileRef = 02FF573524D9E2EB006AE94F /* JournalController.swift */; };
		02FF573824D9E335006AE94F /* LongPromptController.swift in Sources */ = {isa = PBXBuildFile; fileRef = 02FF573724D9E334006AE94F /* LongPromptController.swift */; };
		02FF573A24D9E392006AE94F /* ShortPromptController.swift in Sources */ = {isa = PBXBuildFile; fileRef = 02FF573924D9E392006AE94F /* ShortPromptController.swift */; };
		C12E19E824DB6AB8003F462C /* PGGoalViewOngoingViewController.swift in Sources */ = {isa = PBXBuildFile; fileRef = C12E19E724DB6AB8003F462C /* PGGoalViewOngoingViewController.swift */; };
		C12E19EA24DB6AC8003F462C /* PGGoalViewFinishViewController.swift in Sources */ = {isa = PBXBuildFile; fileRef = C12E19E924DB6AC8003F462C /* PGGoalViewFinishViewController.swift */; };
		C12E19EC24DB6B32003F462C /* PGNewGoalViewController.swift in Sources */ = {isa = PBXBuildFile; fileRef = C12E19EB24DB6B32003F462C /* PGNewGoalViewController.swift */; };
		C13133BA24D885A500551841 /* DWGHomeScreenViewController.swift in Sources */ = {isa = PBXBuildFile; fileRef = C13133B924D885A500551841 /* DWGHomeScreenViewController.swift */; };
		C13133BE24D8941000551841 /* PGHomeScreenViewController.swift in Sources */ = {isa = PBXBuildFile; fileRef = C13133BD24D8941000551841 /* PGHomeScreenViewController.swift */; };
		C146582424D9C82100F04AA0 /* DailyGoalViewStartViewController.swift in Sources */ = {isa = PBXBuildFile; fileRef = C146582324D9C82100F04AA0 /* DailyGoalViewStartViewController.swift */; };
		C146582624D9C92A00F04AA0 /* DailyGoalViewOngoingViewController.swift in Sources */ = {isa = PBXBuildFile; fileRef = C146582524D9C92A00F04AA0 /* DailyGoalViewOngoingViewController.swift */; };
		C146582824D9C93A00F04AA0 /* DailyGoalViewFinishViewController.swift in Sources */ = {isa = PBXBuildFile; fileRef = C146582724D9C93A00F04AA0 /* DailyGoalViewFinishViewController.swift */; };
		C146582A24D9C94800F04AA0 /* WeeklyGoalViewStartViewController.swift in Sources */ = {isa = PBXBuildFile; fileRef = C146582924D9C94800F04AA0 /* WeeklyGoalViewStartViewController.swift */; };
		C146582C24D9C95600F04AA0 /* WeeklyGoalViewOngoingViewController.swift in Sources */ = {isa = PBXBuildFile; fileRef = C146582B24D9C95600F04AA0 /* WeeklyGoalViewOngoingViewController.swift */; };
		C146582E24D9C96600F04AA0 /* WeeklyGoalViewFinishViewController.swift in Sources */ = {isa = PBXBuildFile; fileRef = C146582D24D9C96600F04AA0 /* WeeklyGoalViewFinishViewController.swift */; };
		C15F555524DB37EF00D6E26F /* MyGoalsViewController.swift in Sources */ = {isa = PBXBuildFile; fileRef = C15F555424DB37EF00D6E26F /* MyGoalsViewController.swift */; };
		C15F58D824D4BC01002BD945 /* MyParticle.sks in Resources */ = {isa = PBXBuildFile; fileRef = C15F58D624D4BC01002BD945 /* MyParticle.sks */; };
		C15F58D924D4BC01002BD945 /* Assets.xcassets in Resources */ = {isa = PBXBuildFile; fileRef = C15F58D724D4BC01002BD945 /* Assets.xcassets */; };
		C15F58DB24D4BD76002BD945 /* red.sks in Resources */ = {isa = PBXBuildFile; fileRef = C15F58DA24D4BD76002BD945 /* red.sks */; };
		C1BE160F24D20FD300410194 /* Onboarding.storyboard in Resources */ = {isa = PBXBuildFile; fileRef = C1BE160E24D20FD300410194 /* Onboarding.storyboard */; };
		C1BE161324D2114D00410194 /* QuizViewController.swift in Sources */ = {isa = PBXBuildFile; fileRef = C1BE161224D2114D00410194 /* QuizViewController.swift */; };
		C1BE161524D21B6400410194 /* LoginViewController.swift in Sources */ = {isa = PBXBuildFile; fileRef = C1BE161424D21B6400410194 /* LoginViewController.swift */; };
		C1BE161724D21BD600410194 /* OnboardingWelcomeViewController.swift in Sources */ = {isa = PBXBuildFile; fileRef = C1BE161624D21BD600410194 /* OnboardingWelcomeViewController.swift */; };
		C1D64D1724E1AFD3006C18AE /* EIEntryViewController.swift in Sources */ = {isa = PBXBuildFile; fileRef = C1D64D1624E1AFD3006C18AE /* EIEntryViewController.swift */; };
		C1D64D1924E1AFE4006C18AE /* EIJournalViewController.swift in Sources */ = {isa = PBXBuildFile; fileRef = C1D64D1824E1AFE4006C18AE /* EIJournalViewController.swift */; };
		C1E773F824D36CA700612765 /* TitleScreenViewController.swift in Sources */ = {isa = PBXBuildFile; fileRef = C1E773F724D36CA700612765 /* TitleScreenViewController.swift */; };
		C1F63FFE24E2FDC7004D2966 /* ProductivityJournalViewController.swift in Sources */ = {isa = PBXBuildFile; fileRef = C1F63FFD24E2FDC7004D2966 /* ProductivityJournalViewController.swift */; };
		C1FDE7AB24D4C5D400CB8509 /* DailyAndWeeklyGoals.storyboard in Resources */ = {isa = PBXBuildFile; fileRef = C1FDE7AA24D4C5D400CB8509 /* DailyAndWeeklyGoals.storyboard */; };
		C1FDE7AD24D4C65200CB8509 /* PersonalizedGoals.storyboard in Resources */ = {isa = PBXBuildFile; fileRef = C1FDE7AC24D4C65200CB8509 /* PersonalizedGoals.storyboard */; };
/* End PBXBuildFile section */

/* Begin PBXContainerItemProxy section */
		02445FF824C9E79E00B61AA5 /* PBXContainerItemProxy */ = {
			isa = PBXContainerItemProxy;
			containerPortal = 02445FDB24C9E79800B61AA5 /* Project object */;
			proxyType = 1;
			remoteGlobalIDString = 02445FE224C9E79900B61AA5;
			remoteInfo = mindfull;
		};
		0244600324C9E79E00B61AA5 /* PBXContainerItemProxy */ = {
			isa = PBXContainerItemProxy;
			containerPortal = 02445FDB24C9E79800B61AA5 /* Project object */;
			proxyType = 1;
			remoteGlobalIDString = 02445FE224C9E79900B61AA5;
			remoteInfo = mindfull;
		};
/* End PBXContainerItemProxy section */

/* Begin PBXFileReference section */
		0215100624D9A6D100162F02 /* AudioProgressController.swift */ = {isa = PBXFileReference; lastKnownFileType = sourcecode.swift; path = AudioProgressController.swift; sourceTree = "<group>"; };
		02445FE324C9E79900B61AA5 /* mindfull.app */ = {isa = PBXFileReference; explicitFileType = wrapper.application; includeInIndex = 0; path = mindfull.app; sourceTree = BUILT_PRODUCTS_DIR; };
		02445FE624C9E79900B61AA5 /* AppDelegate.swift */ = {isa = PBXFileReference; lastKnownFileType = sourcecode.swift; path = AppDelegate.swift; sourceTree = "<group>"; };
		02445FE824C9E79900B61AA5 /* ViewController.swift */ = {isa = PBXFileReference; lastKnownFileType = sourcecode.swift; path = ViewController.swift; sourceTree = "<group>"; };
		02445FEB24C9E79900B61AA5 /* Base */ = {isa = PBXFileReference; lastKnownFileType = file.storyboard; name = Base; path = Base.lproj/Main.storyboard; sourceTree = "<group>"; };
		02445FF224C9E79D00B61AA5 /* Info.plist */ = {isa = PBXFileReference; lastKnownFileType = text.plist.xml; path = Info.plist; sourceTree = "<group>"; };
		02445FF724C9E79E00B61AA5 /* mindfullTests.xctest */ = {isa = PBXFileReference; explicitFileType = wrapper.cfbundle; includeInIndex = 0; path = mindfullTests.xctest; sourceTree = BUILT_PRODUCTS_DIR; };
		02445FFB24C9E79E00B61AA5 /* mindfullTests.swift */ = {isa = PBXFileReference; lastKnownFileType = sourcecode.swift; path = mindfullTests.swift; sourceTree = "<group>"; };
		02445FFD24C9E79E00B61AA5 /* Info.plist */ = {isa = PBXFileReference; lastKnownFileType = text.plist.xml; path = Info.plist; sourceTree = "<group>"; };
		0244600224C9E79E00B61AA5 /* mindfullUITests.xctest */ = {isa = PBXFileReference; explicitFileType = wrapper.cfbundle; includeInIndex = 0; path = mindfullUITests.xctest; sourceTree = BUILT_PRODUCTS_DIR; };
		0244600624C9E79E00B61AA5 /* mindfullUITests.swift */ = {isa = PBXFileReference; lastKnownFileType = sourcecode.swift; path = mindfullUITests.swift; sourceTree = "<group>"; };
		0244600824C9E79E00B61AA5 /* Info.plist */ = {isa = PBXFileReference; lastKnownFileType = text.plist.xml; path = Info.plist; sourceTree = "<group>"; };
		0244601424CA088100B61AA5 /* JourneyStop.swift */ = {isa = PBXFileReference; lastKnownFileType = sourcecode.swift; path = JourneyStop.swift; sourceTree = "<group>"; };
		0244601624CA0C5200B61AA5 /* JourneyController.swift */ = {isa = PBXFileReference; lastKnownFileType = sourcecode.swift; path = JourneyController.swift; sourceTree = "<group>"; };
		026A70EA24DC770E00BDF389 /* Entry.swift */ = {isa = PBXFileReference; lastKnownFileType = sourcecode.swift; path = Entry.swift; sourceTree = "<group>"; };
		026BF76224DB5511003BE29F /* blue.sks */ = {isa = PBXFileReference; lastKnownFileType = file.sks; path = blue.sks; sourceTree = "<group>"; };
		026BF76424DB55E7003BE29F /* green.sks */ = {isa = PBXFileReference; lastKnownFileType = file.sks; path = green.sks; sourceTree = "<group>"; };
		026BF76624DB5637003BE29F /* orange.sks */ = {isa = PBXFileReference; lastKnownFileType = file.sks; path = orange.sks; sourceTree = "<group>"; };
		026BF76824DB566D003BE29F /* purple.sks */ = {isa = PBXFileReference; lastKnownFileType = file.sks; path = purple.sks; sourceTree = "<group>"; };
		026BF76B24DB64CD003BE29F /* SpriteKit.framework */ = {isa = PBXFileReference; lastKnownFileType = wrapper.framework; name = SpriteKit.framework; path = System/Library/Frameworks/SpriteKit.framework; sourceTree = SDKROOT; };
		0273812624D8D5E800DFD0BD /* AudioPlayer.swift */ = {isa = PBXFileReference; fileEncoding = 4; lastKnownFileType = sourcecode.swift; path = AudioPlayer.swift; sourceTree = "<group>"; };
		0278749324D8D17500A3DF7F /* backgroundMusic.mp3 */ = {isa = PBXFileReference; lastKnownFileType = audio.mp3; path = backgroundMusic.mp3; sourceTree = "<group>"; };
		02858BA124D8B7660034D39A /* AudioPlayer.swift */ = {isa = PBXFileReference; lastKnownFileType = sourcecode.swift; path = AudioPlayer.swift; sourceTree = "<group>"; };
		02858BA324D8C5770034D39A /* backgroundMusic.mp3 */ = {isa = PBXFileReference; lastKnownFileType = audio.mp3; path = backgroundMusic.mp3; sourceTree = "<group>"; };
		02ADCBA424DC5D5200DCDB57 /* birds.mp3 */ = {isa = PBXFileReference; lastKnownFileType = audio.mp3; path = birds.mp3; sourceTree = "<group>"; };
		02ADCBA624DC5DE400DCDB57 /* leaves.mp3 */ = {isa = PBXFileReference; lastKnownFileType = audio.mp3; path = leaves.mp3; sourceTree = "<group>"; };
		02ADCBA824DC5E3500DCDB57 /* waves.mp3 */ = {isa = PBXFileReference; lastKnownFileType = audio.mp3; path = waves.mp3; sourceTree = "<group>"; };
		02ADCBAA24DC5EFD00DCDB57 /* water.mp3 */ = {isa = PBXFileReference; lastKnownFileType = audio.mp3; path = water.mp3; sourceTree = "<group>"; };
		02ADCBAC24DC5F7C00DCDB57 /* breeze.mp3 */ = {isa = PBXFileReference; lastKnownFileType = audio.mp3; path = breeze.mp3; sourceTree = "<group>"; };
		02B0140F24D47A9C00911EFA /* CustomizeController.swift */ = {isa = PBXFileReference; lastKnownFileType = sourcecode.swift; path = CustomizeController.swift; sourceTree = "<group>"; };
		02EEBBD324CDD3B9002C26A8 /* GardenController.swift */ = {isa = PBXFileReference; lastKnownFileType = sourcecode.swift; path = GardenController.swift; sourceTree = "<group>"; };
		02FF573524D9E2EB006AE94F /* JournalController.swift */ = {isa = PBXFileReference; lastKnownFileType = sourcecode.swift; path = JournalController.swift; sourceTree = "<group>"; };
		02FF573724D9E334006AE94F /* LongPromptController.swift */ = {isa = PBXFileReference; lastKnownFileType = sourcecode.swift; path = LongPromptController.swift; sourceTree = "<group>"; };
		02FF573924D9E392006AE94F /* ShortPromptController.swift */ = {isa = PBXFileReference; lastKnownFileType = sourcecode.swift; path = ShortPromptController.swift; sourceTree = "<group>"; };
		C12E19E724DB6AB8003F462C /* PGGoalViewOngoingViewController.swift */ = {isa = PBXFileReference; lastKnownFileType = sourcecode.swift; path = PGGoalViewOngoingViewController.swift; sourceTree = "<group>"; };
		C12E19E924DB6AC8003F462C /* PGGoalViewFinishViewController.swift */ = {isa = PBXFileReference; lastKnownFileType = sourcecode.swift; path = PGGoalViewFinishViewController.swift; sourceTree = "<group>"; };
		C12E19EB24DB6B32003F462C /* PGNewGoalViewController.swift */ = {isa = PBXFileReference; lastKnownFileType = sourcecode.swift; path = PGNewGoalViewController.swift; sourceTree = "<group>"; };
		C13133B924D885A500551841 /* DWGHomeScreenViewController.swift */ = {isa = PBXFileReference; lastKnownFileType = sourcecode.swift; path = DWGHomeScreenViewController.swift; sourceTree = "<group>"; };
		C13133BB24D885B900551841 /* DWGGoalViewViewController.swift */ = {isa = PBXFileReference; lastKnownFileType = sourcecode.swift; path = DWGGoalViewViewController.swift; sourceTree = "<group>"; };
		C13133BD24D8941000551841 /* PGHomeScreenViewController.swift */ = {isa = PBXFileReference; lastKnownFileType = sourcecode.swift; path = PGHomeScreenViewController.swift; sourceTree = "<group>"; };
		C146582324D9C82100F04AA0 /* DailyGoalViewStartViewController.swift */ = {isa = PBXFileReference; lastKnownFileType = sourcecode.swift; path = DailyGoalViewStartViewController.swift; sourceTree = "<group>"; };
		C146582524D9C92A00F04AA0 /* DailyGoalViewOngoingViewController.swift */ = {isa = PBXFileReference; lastKnownFileType = sourcecode.swift; path = DailyGoalViewOngoingViewController.swift; sourceTree = "<group>"; };
		C146582724D9C93A00F04AA0 /* DailyGoalViewFinishViewController.swift */ = {isa = PBXFileReference; lastKnownFileType = sourcecode.swift; path = DailyGoalViewFinishViewController.swift; sourceTree = "<group>"; };
		C146582924D9C94800F04AA0 /* WeeklyGoalViewStartViewController.swift */ = {isa = PBXFileReference; lastKnownFileType = sourcecode.swift; path = WeeklyGoalViewStartViewController.swift; sourceTree = "<group>"; };
		C146582B24D9C95600F04AA0 /* WeeklyGoalViewOngoingViewController.swift */ = {isa = PBXFileReference; lastKnownFileType = sourcecode.swift; path = WeeklyGoalViewOngoingViewController.swift; sourceTree = "<group>"; };
		C146582D24D9C96600F04AA0 /* WeeklyGoalViewFinishViewController.swift */ = {isa = PBXFileReference; lastKnownFileType = sourcecode.swift; path = WeeklyGoalViewFinishViewController.swift; sourceTree = "<group>"; };
		C15F555424DB37EF00D6E26F /* MyGoalsViewController.swift */ = {isa = PBXFileReference; lastKnownFileType = sourcecode.swift; path = MyGoalsViewController.swift; sourceTree = "<group>"; };
		C15F58D624D4BC01002BD945 /* MyParticle.sks */ = {isa = PBXFileReference; lastKnownFileType = file.sks; path = MyParticle.sks; sourceTree = "<group>"; };
		C15F58D724D4BC01002BD945 /* Assets.xcassets */ = {isa = PBXFileReference; lastKnownFileType = folder.assetcatalog; path = Assets.xcassets; sourceTree = "<group>"; };
		C15F58DA24D4BD76002BD945 /* red.sks */ = {isa = PBXFileReference; lastKnownFileType = file.sks; path = red.sks; sourceTree = "<group>"; };
		C1BE160E24D20FD300410194 /* Onboarding.storyboard */ = {isa = PBXFileReference; lastKnownFileType = file.storyboard; path = Onboarding.storyboard; sourceTree = "<group>"; };
		C1BE161224D2114D00410194 /* QuizViewController.swift */ = {isa = PBXFileReference; lastKnownFileType = sourcecode.swift; path = QuizViewController.swift; sourceTree = "<group>"; };
		C1BE161424D21B6400410194 /* LoginViewController.swift */ = {isa = PBXFileReference; lastKnownFileType = sourcecode.swift; path = LoginViewController.swift; sourceTree = "<group>"; };
		C1BE161624D21BD600410194 /* OnboardingWelcomeViewController.swift */ = {isa = PBXFileReference; lastKnownFileType = sourcecode.swift; path = OnboardingWelcomeViewController.swift; sourceTree = "<group>"; };
		C1D64D1624E1AFD3006C18AE /* EIEntryViewController.swift */ = {isa = PBXFileReference; lastKnownFileType = sourcecode.swift; path = EIEntryViewController.swift; sourceTree = "<group>"; };
		C1D64D1824E1AFE4006C18AE /* EIJournalViewController.swift */ = {isa = PBXFileReference; lastKnownFileType = sourcecode.swift; path = EIJournalViewController.swift; sourceTree = "<group>"; };
		C1E773F724D36CA700612765 /* TitleScreenViewController.swift */ = {isa = PBXFileReference; lastKnownFileType = sourcecode.swift; path = TitleScreenViewController.swift; sourceTree = "<group>"; };
		C1F63FFD24E2FDC7004D2966 /* ProductivityJournalViewController.swift */ = {isa = PBXFileReference; lastKnownFileType = sourcecode.swift; path = ProductivityJournalViewController.swift; sourceTree = "<group>"; };
		C1FDE7AA24D4C5D400CB8509 /* DailyAndWeeklyGoals.storyboard */ = {isa = PBXFileReference; lastKnownFileType = file.storyboard; path = DailyAndWeeklyGoals.storyboard; sourceTree = "<group>"; };
		C1FDE7AC24D4C65200CB8509 /* PersonalizedGoals.storyboard */ = {isa = PBXFileReference; lastKnownFileType = file.storyboard; path = PersonalizedGoals.storyboard; sourceTree = "<group>"; };
/* End PBXFileReference section */

/* Begin PBXFrameworksBuildPhase section */
		02445FE024C9E79900B61AA5 /* Frameworks */ = {
			isa = PBXFrameworksBuildPhase;
			buildActionMask = 2147483647;
			files = (
				026BF76C24DB64CD003BE29F /* SpriteKit.framework in Frameworks */,
			);
			runOnlyForDeploymentPostprocessing = 0;
		};
		02445FF424C9E79E00B61AA5 /* Frameworks */ = {
			isa = PBXFrameworksBuildPhase;
			buildActionMask = 2147483647;
			files = (
			);
			runOnlyForDeploymentPostprocessing = 0;
		};
		02445FFF24C9E79E00B61AA5 /* Frameworks */ = {
			isa = PBXFrameworksBuildPhase;
			buildActionMask = 2147483647;
			files = (
			);
			runOnlyForDeploymentPostprocessing = 0;
		};
/* End PBXFrameworksBuildPhase section */

/* Begin PBXGroup section */
		02445FDA24C9E79800B61AA5 = {
			isa = PBXGroup;
			children = (
				02445FE524C9E79900B61AA5 /* mindfull */,
				02445FFA24C9E79E00B61AA5 /* mindfullTests */,
				0244600524C9E79E00B61AA5 /* mindfullUITests */,
				02445FE424C9E79900B61AA5 /* Products */,
				0278748E24D8CE6D00A3DF7F /* Recovered References */,
				026BF76A24DB64CD003BE29F /* Frameworks */,
			);
			sourceTree = "<group>";
		};
		02445FE424C9E79900B61AA5 /* Products */ = {
			isa = PBXGroup;
			children = (
				02445FE324C9E79900B61AA5 /* mindfull.app */,
				02445FF724C9E79E00B61AA5 /* mindfullTests.xctest */,
				0244600224C9E79E00B61AA5 /* mindfullUITests.xctest */,
			);
			name = Products;
			sourceTree = "<group>";
		};
		02445FE524C9E79900B61AA5 /* mindfull */ = {
			isa = PBXGroup;
			children = (
				02445FEA24C9E79900B61AA5 /* Main.storyboard */,
				026A70EA24DC770E00BDF389 /* Entry.swift */,
				02FF573524D9E2EB006AE94F /* JournalController.swift */,
				02FF573724D9E334006AE94F /* LongPromptController.swift */,
				02FF573924D9E392006AE94F /* ShortPromptController.swift */,
				0273812624D8D5E800DFD0BD /* AudioPlayer.swift */,
				0215100624D9A6D100162F02 /* AudioProgressController.swift */,
				02445FE624C9E79900B61AA5 /* AppDelegate.swift */,
				0244601424CA088100B61AA5 /* JourneyStop.swift */,
				02B0140F24D47A9C00911EFA /* CustomizeController.swift */,
				02445FE824C9E79900B61AA5 /* ViewController.swift */,
				0244601624CA0C5200B61AA5 /* JourneyController.swift */,
				0278749324D8D17500A3DF7F /* backgroundMusic.mp3 */,
				02ADCBA424DC5D5200DCDB57 /* birds.mp3 */,
				02ADCBA624DC5DE400DCDB57 /* leaves.mp3 */,
				02ADCBA824DC5E3500DCDB57 /* waves.mp3 */,
				02ADCBAC24DC5F7C00DCDB57 /* breeze.mp3 */,
				02ADCBAA24DC5EFD00DCDB57 /* water.mp3 */,
				02EEBBD324CDD3B9002C26A8 /* GardenController.swift */,
				C15F555424DB37EF00D6E26F /* MyGoalsViewController.swift */,
				C1D64D1624E1AFD3006C18AE /* EIEntryViewController.swift */,
				C1D64D1824E1AFE4006C18AE /* EIJournalViewController.swift */,
				C1F63FFD24E2FDC7004D2966 /* ProductivityJournalViewController.swift */,
				C1E773F724D36CA700612765 /* TitleScreenViewController.swift */,
				C1BE160E24D20FD300410194 /* Onboarding.storyboard */,
				C1BE161424D21B6400410194 /* LoginViewController.swift */,
				C1BE161624D21BD600410194 /* OnboardingWelcomeViewController.swift */,
				C1BE161224D2114D00410194 /* QuizViewController.swift */,
				C1FDE7AA24D4C5D400CB8509 /* DailyAndWeeklyGoals.storyboard */,
				C13133B924D885A500551841 /* DWGHomeScreenViewController.swift */,
				C146582324D9C82100F04AA0 /* DailyGoalViewStartViewController.swift */,
				C146582524D9C92A00F04AA0 /* DailyGoalViewOngoingViewController.swift */,
				C146582724D9C93A00F04AA0 /* DailyGoalViewFinishViewController.swift */,
				C146582924D9C94800F04AA0 /* WeeklyGoalViewStartViewController.swift */,
				C146582B24D9C95600F04AA0 /* WeeklyGoalViewOngoingViewController.swift */,
				C146582D24D9C96600F04AA0 /* WeeklyGoalViewFinishViewController.swift */,
				C1FDE7AC24D4C65200CB8509 /* PersonalizedGoals.storyboard */,
				C13133BD24D8941000551841 /* PGHomeScreenViewController.swift */,
				C12E19E724DB6AB8003F462C /* PGGoalViewOngoingViewController.swift */,
				C12E19E924DB6AC8003F462C /* PGGoalViewFinishViewController.swift */,
				C12E19EB24DB6B32003F462C /* PGNewGoalViewController.swift */,
				02445FF224C9E79D00B61AA5 /* Info.plist */,
				C15F58D724D4BC01002BD945 /* Assets.xcassets */,
				C15F58D624D4BC01002BD945 /* MyParticle.sks */,
				C15F58DA24D4BD76002BD945 /* red.sks */,
				026BF76624DB5637003BE29F /* orange.sks */,
				026BF76824DB566D003BE29F /* purple.sks */,
				026BF76224DB5511003BE29F /* blue.sks */,
				026BF76424DB55E7003BE29F /* green.sks */,
			);
			path = mindfull;
			sourceTree = "<group>";
		};
		02445FFA24C9E79E00B61AA5 /* mindfullTests */ = {
			isa = PBXGroup;
			children = (
				02445FFB24C9E79E00B61AA5 /* mindfullTests.swift */,
				02445FFD24C9E79E00B61AA5 /* Info.plist */,
			);
			path = mindfullTests;
			sourceTree = "<group>";
		};
		0244600524C9E79E00B61AA5 /* mindfullUITests */ = {
			isa = PBXGroup;
			children = (
				0244600624C9E79E00B61AA5 /* mindfullUITests.swift */,
				0244600824C9E79E00B61AA5 /* Info.plist */,
			);
			path = mindfullUITests;
			sourceTree = "<group>";
		};
		026BF76A24DB64CD003BE29F /* Frameworks */ = {
			isa = PBXGroup;
			children = (
				026BF76B24DB64CD003BE29F /* SpriteKit.framework */,
			);
			name = Frameworks;
			sourceTree = "<group>";
		};
		0278748E24D8CE6D00A3DF7F /* Recovered References */ = {
			isa = PBXGroup;
			children = (
				02858BA124D8B7660034D39A /* AudioPlayer.swift */,
				C13133BB24D885B900551841 /* DWGGoalViewViewController.swift */,
				02858BA324D8C5770034D39A /* backgroundMusic.mp3 */,
			);
			name = "Recovered References";
			sourceTree = "<group>";
		};
/* End PBXGroup section */

/* Begin PBXNativeTarget section */
		02445FE224C9E79900B61AA5 /* mindfull */ = {
			isa = PBXNativeTarget;
			buildConfigurationList = 0244600B24C9E79E00B61AA5 /* Build configuration list for PBXNativeTarget "mindfull" */;
			buildPhases = (
				02445FDF24C9E79900B61AA5 /* Sources */,
				02445FE024C9E79900B61AA5 /* Frameworks */,
				02445FE124C9E79900B61AA5 /* Resources */,
			);
			buildRules = (
			);
			dependencies = (
			);
			name = mindfull;
			productName = mindfull;
			productReference = 02445FE324C9E79900B61AA5 /* mindfull.app */;
			productType = "com.apple.product-type.application";
		};
		02445FF624C9E79E00B61AA5 /* mindfullTests */ = {
			isa = PBXNativeTarget;
			buildConfigurationList = 0244600E24C9E79E00B61AA5 /* Build configuration list for PBXNativeTarget "mindfullTests" */;
			buildPhases = (
				02445FF324C9E79E00B61AA5 /* Sources */,
				02445FF424C9E79E00B61AA5 /* Frameworks */,
				02445FF524C9E79E00B61AA5 /* Resources */,
			);
			buildRules = (
			);
			dependencies = (
				02445FF924C9E79E00B61AA5 /* PBXTargetDependency */,
			);
			name = mindfullTests;
			productName = mindfullTests;
			productReference = 02445FF724C9E79E00B61AA5 /* mindfullTests.xctest */;
			productType = "com.apple.product-type.bundle.unit-test";
		};
		0244600124C9E79E00B61AA5 /* mindfullUITests */ = {
			isa = PBXNativeTarget;
			buildConfigurationList = 0244601124C9E79E00B61AA5 /* Build configuration list for PBXNativeTarget "mindfullUITests" */;
			buildPhases = (
				02445FFE24C9E79E00B61AA5 /* Sources */,
				02445FFF24C9E79E00B61AA5 /* Frameworks */,
				0244600024C9E79E00B61AA5 /* Resources */,
			);
			buildRules = (
			);
			dependencies = (
				0244600424C9E79E00B61AA5 /* PBXTargetDependency */,
			);
			name = mindfullUITests;
			productName = mindfullUITests;
			productReference = 0244600224C9E79E00B61AA5 /* mindfullUITests.xctest */;
			productType = "com.apple.product-type.bundle.ui-testing";
		};
/* End PBXNativeTarget section */

/* Begin PBXProject section */
		02445FDB24C9E79800B61AA5 /* Project object */ = {
			isa = PBXProject;
			attributes = {
				LastSwiftUpdateCheck = 1010;
				LastUpgradeCheck = 1010;
				ORGANIZATIONNAME = "Alp Demirtas";
				TargetAttributes = {
					02445FE224C9E79900B61AA5 = {
						CreatedOnToolsVersion = 10.1;
					};
					02445FF624C9E79E00B61AA5 = {
						CreatedOnToolsVersion = 10.1;
						TestTargetID = 02445FE224C9E79900B61AA5;
					};
					0244600124C9E79E00B61AA5 = {
						CreatedOnToolsVersion = 10.1;
						TestTargetID = 02445FE224C9E79900B61AA5;
					};
				};
			};
			buildConfigurationList = 02445FDE24C9E79800B61AA5 /* Build configuration list for PBXProject "mindfull" */;
			compatibilityVersion = "Xcode 9.3";
			developmentRegion = en;
			hasScannedForEncodings = 0;
			knownRegions = (
				en,
				Base,
			);
			mainGroup = 02445FDA24C9E79800B61AA5;
			productRefGroup = 02445FE424C9E79900B61AA5 /* Products */;
			projectDirPath = "";
			projectRoot = "";
			targets = (
				02445FE224C9E79900B61AA5 /* mindfull */,
				02445FF624C9E79E00B61AA5 /* mindfullTests */,
				0244600124C9E79E00B61AA5 /* mindfullUITests */,
			);
		};
/* End PBXProject section */

/* Begin PBXResourcesBuildPhase section */
		02445FE124C9E79900B61AA5 /* Resources */ = {
			isa = PBXResourcesBuildPhase;
			buildActionMask = 2147483647;
			files = (
				026A70EC24DC7CED00BDF389 /* Entry.swift in Resources */,
				02ADCBAD24DC5F7C00DCDB57 /* breeze.mp3 in Resources */,
				C1FDE7AD24D4C65200CB8509 /* PersonalizedGoals.storyboard in Resources */,
				026BF76524DB55E7003BE29F /* green.sks in Resources */,
				02ADCBA924DC5E3500DCDB57 /* waves.mp3 in Resources */,
				02ADCBA524DC5D5200DCDB57 /* birds.mp3 in Resources */,
				0278749424D8D17500A3DF7F /* backgroundMusic.mp3 in Resources */,
				026BF76324DB5511003BE29F /* blue.sks in Resources */,
				02445FEC24C9E79900B61AA5 /* Main.storyboard in Resources */,
				02ADCBA724DC5DE400DCDB57 /* leaves.mp3 in Resources */,
				026BF76924DB566D003BE29F /* purple.sks in Resources */,
				C1BE160F24D20FD300410194 /* Onboarding.storyboard in Resources */,
				02ADCBAB24DC5EFD00DCDB57 /* water.mp3 in Resources */,
				C15F58DB24D4BD76002BD945 /* red.sks in Resources */,
				C15F58D824D4BC01002BD945 /* MyParticle.sks in Resources */,
				C15F58D924D4BC01002BD945 /* Assets.xcassets in Resources */,
				026BF76724DB5637003BE29F /* orange.sks in Resources */,
				C1FDE7AB24D4C5D400CB8509 /* DailyAndWeeklyGoals.storyboard in Resources */,
			);
			runOnlyForDeploymentPostprocessing = 0;
		};
		02445FF524C9E79E00B61AA5 /* Resources */ = {
			isa = PBXResourcesBuildPhase;
			buildActionMask = 2147483647;
			files = (
			);
			runOnlyForDeploymentPostprocessing = 0;
		};
		0244600024C9E79E00B61AA5 /* Resources */ = {
			isa = PBXResourcesBuildPhase;
			buildActionMask = 2147483647;
			files = (
			);
			runOnlyForDeploymentPostprocessing = 0;
		};
/* End PBXResourcesBuildPhase section */

/* Begin PBXSourcesBuildPhase section */
		02445FDF24C9E79900B61AA5 /* Sources */ = {
			isa = PBXSourcesBuildPhase;
			buildActionMask = 2147483647;
			files = (
				C13133BA24D885A500551841 /* DWGHomeScreenViewController.swift in Sources */,
				C13133BE24D8941000551841 /* PGHomeScreenViewController.swift in Sources */,
				C12E19E824DB6AB8003F462C /* PGGoalViewOngoingViewController.swift in Sources */,
				C1BE161524D21B6400410194 /* LoginViewController.swift in Sources */,
				02FF573A24D9E392006AE94F /* ShortPromptController.swift in Sources */,
				C146582824D9C93A00F04AA0 /* DailyGoalViewFinishViewController.swift in Sources */,
				02445FE924C9E79900B61AA5 /* ViewController.swift in Sources */,
				C146582C24D9C95600F04AA0 /* WeeklyGoalViewOngoingViewController.swift in Sources */,
				C1D64D1924E1AFE4006C18AE /* EIJournalViewController.swift in Sources */,
				C1D64D1724E1AFD3006C18AE /* EIEntryViewController.swift in Sources */,
				02445FE724C9E79900B61AA5 /* AppDelegate.swift in Sources */,
				0244601724CA0C5200B61AA5 /* JourneyController.swift in Sources */,
				C15F555524DB37EF00D6E26F /* MyGoalsViewController.swift in Sources */,
				C1E773F824D36CA700612765 /* TitleScreenViewController.swift in Sources */,
				02B0141024D47A9D00911EFA /* CustomizeController.swift in Sources */,
				C1BE161324D2114D00410194 /* QuizViewController.swift in Sources */,
				C146582424D9C82100F04AA0 /* DailyGoalViewStartViewController.swift in Sources */,
				C146582624D9C92A00F04AA0 /* DailyGoalViewOngoingViewController.swift in Sources */,
				C146582A24D9C94800F04AA0 /* WeeklyGoalViewStartViewController.swift in Sources */,
				02EEBBD424CDD3B9002C26A8 /* GardenController.swift in Sources */,
				C1BE161724D21BD600410194 /* OnboardingWelcomeViewController.swift in Sources */,
				026A70EB24DC770E00BDF389 /* Entry.swift in Sources */,
				C1F63FFE24E2FDC7004D2966 /* ProductivityJournalViewController.swift in Sources */,
				02FF573824D9E335006AE94F /* LongPromptController.swift in Sources */,
				C12E19EA24DB6AC8003F462C /* PGGoalViewFinishViewController.swift in Sources */,
				0244601524CA088100B61AA5 /* JourneyStop.swift in Sources */,
				0273812724D8D5E800DFD0BD /* AudioPlayer.swift in Sources */,
				02FF573624D9E2EB006AE94F /* JournalController.swift in Sources */,
				0215100724D9A6D100162F02 /* AudioProgressController.swift in Sources */,
				C12E19EC24DB6B32003F462C /* PGNewGoalViewController.swift in Sources */,
				C146582E24D9C96600F04AA0 /* WeeklyGoalViewFinishViewController.swift in Sources */,
			);
			runOnlyForDeploymentPostprocessing = 0;
		};
		02445FF324C9E79E00B61AA5 /* Sources */ = {
			isa = PBXSourcesBuildPhase;
			buildActionMask = 2147483647;
			files = (
				02445FFC24C9E79E00B61AA5 /* mindfullTests.swift in Sources */,
			);
			runOnlyForDeploymentPostprocessing = 0;
		};
		02445FFE24C9E79E00B61AA5 /* Sources */ = {
			isa = PBXSourcesBuildPhase;
			buildActionMask = 2147483647;
			files = (
				0244600724C9E79E00B61AA5 /* mindfullUITests.swift in Sources */,
			);
			runOnlyForDeploymentPostprocessing = 0;
		};
/* End PBXSourcesBuildPhase section */

/* Begin PBXTargetDependency section */
		02445FF924C9E79E00B61AA5 /* PBXTargetDependency */ = {
			isa = PBXTargetDependency;
			target = 02445FE224C9E79900B61AA5 /* mindfull */;
			targetProxy = 02445FF824C9E79E00B61AA5 /* PBXContainerItemProxy */;
		};
		0244600424C9E79E00B61AA5 /* PBXTargetDependency */ = {
			isa = PBXTargetDependency;
			target = 02445FE224C9E79900B61AA5 /* mindfull */;
			targetProxy = 0244600324C9E79E00B61AA5 /* PBXContainerItemProxy */;
		};
/* End PBXTargetDependency section */

/* Begin PBXVariantGroup section */
		02445FEA24C9E79900B61AA5 /* Main.storyboard */ = {
			isa = PBXVariantGroup;
			children = (
				02445FEB24C9E79900B61AA5 /* Base */,
			);
			name = Main.storyboard;
			sourceTree = "<group>";
		};
/* End PBXVariantGroup section */

/* Begin XCBuildConfiguration section */
		0244600924C9E79E00B61AA5 /* Debug */ = {
			isa = XCBuildConfiguration;
			buildSettings = {
				ALWAYS_SEARCH_USER_PATHS = NO;
				CLANG_ANALYZER_NONNULL = YES;
				CLANG_ANALYZER_NUMBER_OBJECT_CONVERSION = YES_AGGRESSIVE;
				CLANG_CXX_LANGUAGE_STANDARD = "gnu++14";
				CLANG_CXX_LIBRARY = "libc++";
				CLANG_ENABLE_MODULES = YES;
				CLANG_ENABLE_OBJC_ARC = YES;
				CLANG_ENABLE_OBJC_WEAK = YES;
				CLANG_WARN_BLOCK_CAPTURE_AUTORELEASING = YES;
				CLANG_WARN_BOOL_CONVERSION = YES;
				CLANG_WARN_COMMA = YES;
				CLANG_WARN_CONSTANT_CONVERSION = YES;
				CLANG_WARN_DEPRECATED_OBJC_IMPLEMENTATIONS = YES;
				CLANG_WARN_DIRECT_OBJC_ISA_USAGE = YES_ERROR;
				CLANG_WARN_DOCUMENTATION_COMMENTS = YES;
				CLANG_WARN_EMPTY_BODY = YES;
				CLANG_WARN_ENUM_CONVERSION = YES;
				CLANG_WARN_INFINITE_RECURSION = YES;
				CLANG_WARN_INT_CONVERSION = YES;
				CLANG_WARN_NON_LITERAL_NULL_CONVERSION = YES;
				CLANG_WARN_OBJC_IMPLICIT_RETAIN_SELF = YES;
				CLANG_WARN_OBJC_LITERAL_CONVERSION = YES;
				CLANG_WARN_OBJC_ROOT_CLASS = YES_ERROR;
				CLANG_WARN_RANGE_LOOP_ANALYSIS = YES;
				CLANG_WARN_STRICT_PROTOTYPES = YES;
				CLANG_WARN_SUSPICIOUS_MOVE = YES;
				CLANG_WARN_UNGUARDED_AVAILABILITY = YES_AGGRESSIVE;
				CLANG_WARN_UNREACHABLE_CODE = YES;
				CLANG_WARN__DUPLICATE_METHOD_MATCH = YES;
				CODE_SIGN_IDENTITY = "iPhone Developer";
				COPY_PHASE_STRIP = NO;
				DEBUG_INFORMATION_FORMAT = dwarf;
				ENABLE_STRICT_OBJC_MSGSEND = YES;
				ENABLE_TESTABILITY = YES;
				GCC_C_LANGUAGE_STANDARD = gnu11;
				GCC_DYNAMIC_NO_PIC = NO;
				GCC_NO_COMMON_BLOCKS = YES;
				GCC_OPTIMIZATION_LEVEL = 0;
				GCC_PREPROCESSOR_DEFINITIONS = (
					"DEBUG=1",
					"$(inherited)",
				);
				GCC_WARN_64_TO_32_BIT_CONVERSION = YES;
				GCC_WARN_ABOUT_RETURN_TYPE = YES_ERROR;
				GCC_WARN_UNDECLARED_SELECTOR = YES;
				GCC_WARN_UNINITIALIZED_AUTOS = YES_AGGRESSIVE;
				GCC_WARN_UNUSED_FUNCTION = YES;
				GCC_WARN_UNUSED_VARIABLE = YES;
				IPHONEOS_DEPLOYMENT_TARGET = 12.1;
				MTL_ENABLE_DEBUG_INFO = INCLUDE_SOURCE;
				MTL_FAST_MATH = YES;
				ONLY_ACTIVE_ARCH = YES;
				SDKROOT = iphoneos;
				SWIFT_ACTIVE_COMPILATION_CONDITIONS = DEBUG;
				SWIFT_OPTIMIZATION_LEVEL = "-Onone";
			};
			name = Debug;
		};
		0244600A24C9E79E00B61AA5 /* Release */ = {
			isa = XCBuildConfiguration;
			buildSettings = {
				ALWAYS_SEARCH_USER_PATHS = NO;
				CLANG_ANALYZER_NONNULL = YES;
				CLANG_ANALYZER_NUMBER_OBJECT_CONVERSION = YES_AGGRESSIVE;
				CLANG_CXX_LANGUAGE_STANDARD = "gnu++14";
				CLANG_CXX_LIBRARY = "libc++";
				CLANG_ENABLE_MODULES = YES;
				CLANG_ENABLE_OBJC_ARC = YES;
				CLANG_ENABLE_OBJC_WEAK = YES;
				CLANG_WARN_BLOCK_CAPTURE_AUTORELEASING = YES;
				CLANG_WARN_BOOL_CONVERSION = YES;
				CLANG_WARN_COMMA = YES;
				CLANG_WARN_CONSTANT_CONVERSION = YES;
				CLANG_WARN_DEPRECATED_OBJC_IMPLEMENTATIONS = YES;
				CLANG_WARN_DIRECT_OBJC_ISA_USAGE = YES_ERROR;
				CLANG_WARN_DOCUMENTATION_COMMENTS = YES;
				CLANG_WARN_EMPTY_BODY = YES;
				CLANG_WARN_ENUM_CONVERSION = YES;
				CLANG_WARN_INFINITE_RECURSION = YES;
				CLANG_WARN_INT_CONVERSION = YES;
				CLANG_WARN_NON_LITERAL_NULL_CONVERSION = YES;
				CLANG_WARN_OBJC_IMPLICIT_RETAIN_SELF = YES;
				CLANG_WARN_OBJC_LITERAL_CONVERSION = YES;
				CLANG_WARN_OBJC_ROOT_CLASS = YES_ERROR;
				CLANG_WARN_RANGE_LOOP_ANALYSIS = YES;
				CLANG_WARN_STRICT_PROTOTYPES = YES;
				CLANG_WARN_SUSPICIOUS_MOVE = YES;
				CLANG_WARN_UNGUARDED_AVAILABILITY = YES_AGGRESSIVE;
				CLANG_WARN_UNREACHABLE_CODE = YES;
				CLANG_WARN__DUPLICATE_METHOD_MATCH = YES;
				CODE_SIGN_IDENTITY = "iPhone Developer";
				COPY_PHASE_STRIP = NO;
				DEBUG_INFORMATION_FORMAT = "dwarf-with-dsym";
				ENABLE_NS_ASSERTIONS = NO;
				ENABLE_STRICT_OBJC_MSGSEND = YES;
				GCC_C_LANGUAGE_STANDARD = gnu11;
				GCC_NO_COMMON_BLOCKS = YES;
				GCC_WARN_64_TO_32_BIT_CONVERSION = YES;
				GCC_WARN_ABOUT_RETURN_TYPE = YES_ERROR;
				GCC_WARN_UNDECLARED_SELECTOR = YES;
				GCC_WARN_UNINITIALIZED_AUTOS = YES_AGGRESSIVE;
				GCC_WARN_UNUSED_FUNCTION = YES;
				GCC_WARN_UNUSED_VARIABLE = YES;
				IPHONEOS_DEPLOYMENT_TARGET = 12.1;
				MTL_ENABLE_DEBUG_INFO = NO;
				MTL_FAST_MATH = YES;
				SDKROOT = iphoneos;
				SWIFT_COMPILATION_MODE = wholemodule;
				SWIFT_OPTIMIZATION_LEVEL = "-O";
				VALIDATE_PRODUCT = YES;
			};
			name = Release;
		};
		0244600C24C9E79E00B61AA5 /* Debug */ = {
			isa = XCBuildConfiguration;
			buildSettings = {
				ASSETCATALOG_COMPILER_APPICON_NAME = AppIcon;
				CODE_SIGN_STYLE = Automatic;
				DEVELOPMENT_TEAM = M5457VPBZY;
				INFOPLIST_FILE = mindfull/Info.plist;
				LD_RUNPATH_SEARCH_PATHS = (
					"$(inherited)",
					"@executable_path/Frameworks",
				);
				PRODUCT_BUNDLE_IDENTIFIER = mindfull.mindfull;
				PRODUCT_NAME = "$(TARGET_NAME)";
				SWIFT_VERSION = 4.2;
				TARGETED_DEVICE_FAMILY = "1,2";
			};
			name = Debug;
		};
		0244600D24C9E79E00B61AA5 /* Release */ = {
			isa = XCBuildConfiguration;
			buildSettings = {
				ASSETCATALOG_COMPILER_APPICON_NAME = AppIcon;
				CODE_SIGN_STYLE = Automatic;
				DEVELOPMENT_TEAM = M5457VPBZY;
				INFOPLIST_FILE = mindfull/Info.plist;
				LD_RUNPATH_SEARCH_PATHS = (
					"$(inherited)",
					"@executable_path/Frameworks",
				);
				PRODUCT_BUNDLE_IDENTIFIER = mindfull.mindfull;
				PRODUCT_NAME = "$(TARGET_NAME)";
				SWIFT_VERSION = 4.2;
				TARGETED_DEVICE_FAMILY = "1,2";
			};
			name = Release;
		};
		0244600F24C9E79E00B61AA5 /* Debug */ = {
			isa = XCBuildConfiguration;
			buildSettings = {
				ALWAYS_EMBED_SWIFT_STANDARD_LIBRARIES = YES;
				BUNDLE_LOADER = "$(TEST_HOST)";
				CODE_SIGN_STYLE = Automatic;
				INFOPLIST_FILE = mindfullTests/Info.plist;
				LD_RUNPATH_SEARCH_PATHS = (
					"$(inherited)",
					"@executable_path/Frameworks",
					"@loader_path/Frameworks",
				);
				PRODUCT_BUNDLE_IDENTIFIER = mindfull.mindfullTests;
				PRODUCT_NAME = "$(TARGET_NAME)";
				SWIFT_VERSION = 4.2;
				TARGETED_DEVICE_FAMILY = "1,2";
				TEST_HOST = "$(BUILT_PRODUCTS_DIR)/mindfull.app/mindfull";
			};
			name = Debug;
		};
		0244601024C9E79E00B61AA5 /* Release */ = {
			isa = XCBuildConfiguration;
			buildSettings = {
				ALWAYS_EMBED_SWIFT_STANDARD_LIBRARIES = YES;
				BUNDLE_LOADER = "$(TEST_HOST)";
				CODE_SIGN_STYLE = Automatic;
				INFOPLIST_FILE = mindfullTests/Info.plist;
				LD_RUNPATH_SEARCH_PATHS = (
					"$(inherited)",
					"@executable_path/Frameworks",
					"@loader_path/Frameworks",
				);
				PRODUCT_BUNDLE_IDENTIFIER = mindfull.mindfullTests;
				PRODUCT_NAME = "$(TARGET_NAME)";
				SWIFT_VERSION = 4.2;
				TARGETED_DEVICE_FAMILY = "1,2";
				TEST_HOST = "$(BUILT_PRODUCTS_DIR)/mindfull.app/mindfull";
			};
			name = Release;
		};
		0244601224C9E79E00B61AA5 /* Debug */ = {
			isa = XCBuildConfiguration;
			buildSettings = {
				ALWAYS_EMBED_SWIFT_STANDARD_LIBRARIES = YES;
				CODE_SIGN_STYLE = Automatic;
				INFOPLIST_FILE = mindfullUITests/Info.plist;
				LD_RUNPATH_SEARCH_PATHS = (
					"$(inherited)",
					"@executable_path/Frameworks",
					"@loader_path/Frameworks",
				);
				PRODUCT_BUNDLE_IDENTIFIER = mindfull.mindfullUITests;
				PRODUCT_NAME = "$(TARGET_NAME)";
				SWIFT_VERSION = 4.2;
				TARGETED_DEVICE_FAMILY = "1,2";
				TEST_TARGET_NAME = mindfull;
			};
			name = Debug;
		};
		0244601324C9E79E00B61AA5 /* Release */ = {
			isa = XCBuildConfiguration;
			buildSettings = {
				ALWAYS_EMBED_SWIFT_STANDARD_LIBRARIES = YES;
				CODE_SIGN_STYLE = Automatic;
				INFOPLIST_FILE = mindfullUITests/Info.plist;
				LD_RUNPATH_SEARCH_PATHS = (
					"$(inherited)",
					"@executable_path/Frameworks",
					"@loader_path/Frameworks",
				);
				PRODUCT_BUNDLE_IDENTIFIER = mindfull.mindfullUITests;
				PRODUCT_NAME = "$(TARGET_NAME)";
				SWIFT_VERSION = 4.2;
				TARGETED_DEVICE_FAMILY = "1,2";
				TEST_TARGET_NAME = mindfull;
			};
			name = Release;
		};
/* End XCBuildConfiguration section */

/* Begin XCConfigurationList section */
		02445FDE24C9E79800B61AA5 /* Build configuration list for PBXProject "mindfull" */ = {
			isa = XCConfigurationList;
			buildConfigurations = (
				0244600924C9E79E00B61AA5 /* Debug */,
				0244600A24C9E79E00B61AA5 /* Release */,
			);
			defaultConfigurationIsVisible = 0;
			defaultConfigurationName = Release;
		};
		0244600B24C9E79E00B61AA5 /* Build configuration list for PBXNativeTarget "mindfull" */ = {
			isa = XCConfigurationList;
			buildConfigurations = (
				0244600C24C9E79E00B61AA5 /* Debug */,
				0244600D24C9E79E00B61AA5 /* Release */,
			);
			defaultConfigurationIsVisible = 0;
			defaultConfigurationName = Release;
		};
		0244600E24C9E79E00B61AA5 /* Build configuration list for PBXNativeTarget "mindfullTests" */ = {
			isa = XCConfigurationList;
			buildConfigurations = (
				0244600F24C9E79E00B61AA5 /* Debug */,
				0244601024C9E79E00B61AA5 /* Release */,
			);
			defaultConfigurationIsVisible = 0;
			defaultConfigurationName = Release;
		};
		0244601124C9E79E00B61AA5 /* Build configuration list for PBXNativeTarget "mindfullUITests" */ = {
			isa = XCConfigurationList;
			buildConfigurations = (
				0244601224C9E79E00B61AA5 /* Debug */,
				0244601324C9E79E00B61AA5 /* Release */,
			);
			defaultConfigurationIsVisible = 0;
			defaultConfigurationName = Release;
		};
/* End XCConfigurationList section */
	};
	rootObject = 02445FDB24C9E79800B61AA5 /* Project object */;
}
